
Microsoft Visual Studio Solution File, Format Version 12.00
# Visual Studio 15
VisualStudioVersion = 15.0.28307.271
MinimumVisualStudioVersion = 10.0.40219.1
Project("{888888A0-9F3D-457C-B088-3A5042F75D52}") = "HomeWorks4", "HomeWorks4\HomeWorks4.pyproj", "{CEE5EF79-1EAB-4EA7-A118-8FCA0EB51FC1}"
EndProject
Global
	GlobalSection(SolutionConfigurationPlatforms) = preSolution
		Debug|Any CPU = Debug|Any CPU
		Release|Any CPU = Release|Any CPU
	EndGlobalSection
	GlobalSection(ProjectConfigurationPlatforms) = postSolution
		{CEE5EF79-1EAB-4EA7-A118-8FCA0EB51FC1}.Debug|Any CPU.ActiveCfg = Debug|Any CPU
		{CEE5EF79-1EAB-4EA7-A118-8FCA0EB51FC1}.Release|Any CPU.ActiveCfg = Release|Any CPU
	EndGlobalSection
	GlobalSection(SolutionProperties) = preSolution
		HideSolutionNode = FALSE
	EndGlobalSection
	GlobalSection(ExtensibilityGlobals) = postSolution
		SolutionGuid = {0C3CF1BB-12DF-4186-9345-D64EC47DDDC4}
	EndGlobalSection
EndGlobal
