
Microsoft Visual Studio Solution File, Format Version 12.00
# Visual Studio 15
VisualStudioVersion = 15.0.28307.271
MinimumVisualStudioVersion = 10.0.40219.1
Project("{888888A0-9F3D-457C-B088-3A5042F75D52}") = "PythonOOP", "PythonOOP\PythonOOP.pyproj", "{357D264B-8CDA-420E-BB5F-015AA337595D}"
EndProject
Global
	GlobalSection(SolutionConfigurationPlatforms) = preSolution
		Debug|Any CPU = Debug|Any CPU
		Release|Any CPU = Release|Any CPU
	EndGlobalSection
	GlobalSection(ProjectConfigurationPlatforms) = postSolution
		{357D264B-8CDA-420E-BB5F-015AA337595D}.Debug|Any CPU.ActiveCfg = Debug|Any CPU
		{357D264B-8CDA-420E-BB5F-015AA337595D}.Release|Any CPU.ActiveCfg = Release|Any CPU
	EndGlobalSection
	GlobalSection(SolutionProperties) = preSolution
		HideSolutionNode = FALSE
	EndGlobalSection
	GlobalSection(ExtensibilityGlobals) = postSolution
		SolutionGuid = {E71F61CB-C64E-405A-8393-885EAF415E90}
	EndGlobalSection
EndGlobal
