
Microsoft Visual Studio Solution File, Format Version 12.00
# Visual Studio 15
VisualStudioVersion = 15.0.28307.271
MinimumVisualStudioVersion = 10.0.40219.1
Project("{888888A0-9F3D-457C-B088-3A5042F75D52}") = "example1", "example1\example1.pyproj", "{DBBAAE26-78F9-4A42-92B2-E262F56C0170}"
EndProject
Global
	GlobalSection(SolutionConfigurationPlatforms) = preSolution
		Debug|Any CPU = Debug|Any CPU
		Release|Any CPU = Release|Any CPU
	EndGlobalSection
	GlobalSection(ProjectConfigurationPlatforms) = postSolution
		{DBBAAE26-78F9-4A42-92B2-E262F56C0170}.Debug|Any CPU.ActiveCfg = Debug|Any CPU
		{DBBAAE26-78F9-4A42-92B2-E262F56C0170}.Release|Any CPU.ActiveCfg = Release|Any CPU
	EndGlobalSection
	GlobalSection(SolutionProperties) = preSolution
		HideSolutionNode = FALSE
	EndGlobalSection
	GlobalSection(ExtensibilityGlobals) = postSolution
		SolutionGuid = {D9EC1900-F65B-4AC6-BAE9-06482F52D2B2}
	EndGlobalSection
EndGlobal
