
Microsoft Visual Studio Solution File, Format Version 12.00
# Visual Studio 15
VisualStudioVersion = 15.0.28307.271
MinimumVisualStudioVersion = 10.0.40219.1
Project("{888888A0-9F3D-457C-B088-3A5042F75D52}") = "Functions", "Functions\Functions.pyproj", "{DB134C25-D0C0-40FF-8F9D-628BCE9BBD6F}"
EndProject
Global
	GlobalSection(SolutionConfigurationPlatforms) = preSolution
		Debug|Any CPU = Debug|Any CPU
		Release|Any CPU = Release|Any CPU
	EndGlobalSection
	GlobalSection(ProjectConfigurationPlatforms) = postSolution
		{DB134C25-D0C0-40FF-8F9D-628BCE9BBD6F}.Debug|Any CPU.ActiveCfg = Debug|Any CPU
		{DB134C25-D0C0-40FF-8F9D-628BCE9BBD6F}.Release|Any CPU.ActiveCfg = Release|Any CPU
	EndGlobalSection
	GlobalSection(SolutionProperties) = preSolution
		HideSolutionNode = FALSE
	EndGlobalSection
	GlobalSection(ExtensibilityGlobals) = postSolution
		SolutionGuid = {388F9D24-B032-428C-BF21-423DE27D65D1}
	EndGlobalSection
EndGlobal
