
Microsoft Visual Studio Solution File, Format Version 12.00
# Visual Studio 15
VisualStudioVersion = 15.0.28307.271
MinimumVisualStudioVersion = 10.0.40219.1
Project("{888888A0-9F3D-457C-B088-3A5042F75D52}") = "PythonHomeList", "PythonHomeList\PythonHomeList.pyproj", "{BB3C7CBE-0175-4868-8E66-BC0828DF1E97}"
EndProject
Global
	GlobalSection(SolutionConfigurationPlatforms) = preSolution
		Debug|Any CPU = Debug|Any CPU
		Release|Any CPU = Release|Any CPU
	EndGlobalSection
	GlobalSection(ProjectConfigurationPlatforms) = postSolution
		{BB3C7CBE-0175-4868-8E66-BC0828DF1E97}.Debug|Any CPU.ActiveCfg = Debug|Any CPU
		{BB3C7CBE-0175-4868-8E66-BC0828DF1E97}.Release|Any CPU.ActiveCfg = Release|Any CPU
	EndGlobalSection
	GlobalSection(SolutionProperties) = preSolution
		HideSolutionNode = FALSE
	EndGlobalSection
	GlobalSection(ExtensibilityGlobals) = postSolution
		SolutionGuid = {82F38EE2-BAD5-47B3-AC80-1B64AFF54B32}
	EndGlobalSection
EndGlobal
