
Microsoft Visual Studio Solution File, Format Version 12.00
# Visual Studio 15
VisualStudioVersion = 15.0.28307.271
MinimumVisualStudioVersion = 10.0.40219.1
Project("{888888A0-9F3D-457C-B088-3A5042F75D52}") = "PythonFunctions2", "PythonFunctions2\PythonFunctions2.pyproj", "{7D2A97BF-1561-44B0-8CA0-8512C7D4CF83}"
EndProject
Global
	GlobalSection(SolutionConfigurationPlatforms) = preSolution
		Debug|Any CPU = Debug|Any CPU
		Release|Any CPU = Release|Any CPU
	EndGlobalSection
	GlobalSection(ProjectConfigurationPlatforms) = postSolution
		{7D2A97BF-1561-44B0-8CA0-8512C7D4CF83}.Debug|Any CPU.ActiveCfg = Debug|Any CPU
		{7D2A97BF-1561-44B0-8CA0-8512C7D4CF83}.Release|Any CPU.ActiveCfg = Release|Any CPU
	EndGlobalSection
	GlobalSection(SolutionProperties) = preSolution
		HideSolutionNode = FALSE
	EndGlobalSection
	GlobalSection(ExtensibilityGlobals) = postSolution
		SolutionGuid = {2C9FD89F-3128-4B71-856C-4492D0FC290C}
	EndGlobalSection
EndGlobal
