
Microsoft Visual Studio Solution File, Format Version 12.00
# Visual Studio 15
VisualStudioVersion = 15.0.28307.271
MinimumVisualStudioVersion = 10.0.40219.1
Project("{888888A0-9F3D-457C-B088-3A5042F75D52}") = "HomeWork", "HomeWork\HomeWork.pyproj", "{552D49FF-6D41-4DFC-945B-8D894B637C49}"
EndProject
Global
	GlobalSection(SolutionConfigurationPlatforms) = preSolution
		Debug|Any CPU = Debug|Any CPU
		Release|Any CPU = Release|Any CPU
	EndGlobalSection
	GlobalSection(ProjectConfigurationPlatforms) = postSolution
		{552D49FF-6D41-4DFC-945B-8D894B637C49}.Debug|Any CPU.ActiveCfg = Debug|Any CPU
		{552D49FF-6D41-4DFC-945B-8D894B637C49}.Release|Any CPU.ActiveCfg = Release|Any CPU
	EndGlobalSection
	GlobalSection(SolutionProperties) = preSolution
		HideSolutionNode = FALSE
	EndGlobalSection
	GlobalSection(ExtensibilityGlobals) = postSolution
		SolutionGuid = {FC17E898-8556-4B36-8C48-CFD7954E94B7}
	EndGlobalSection
EndGlobal
