
Microsoft Visual Studio Solution File, Format Version 12.00
# Visual Studio 15
VisualStudioVersion = 15.0.28307.271
MinimumVisualStudioVersion = 10.0.40219.1
Project("{888888A0-9F3D-457C-B088-3A5042F75D52}") = "PythonHomeWork2", "PythonHomeWork2\PythonHomeWork2.pyproj", "{A066A9CE-273F-408A-B457-8E0BE94D9780}"
EndProject
Global
	GlobalSection(SolutionConfigurationPlatforms) = preSolution
		Debug|Any CPU = Debug|Any CPU
		Release|Any CPU = Release|Any CPU
	EndGlobalSection
	GlobalSection(ProjectConfigurationPlatforms) = postSolution
		{A066A9CE-273F-408A-B457-8E0BE94D9780}.Debug|Any CPU.ActiveCfg = Debug|Any CPU
		{A066A9CE-273F-408A-B457-8E0BE94D9780}.Release|Any CPU.ActiveCfg = Release|Any CPU
	EndGlobalSection
	GlobalSection(SolutionProperties) = preSolution
		HideSolutionNode = FALSE
	EndGlobalSection
	GlobalSection(ExtensibilityGlobals) = postSolution
		SolutionGuid = {E6BDF0D2-BAEB-4A1C-A43B-8B71B5543712}
	EndGlobalSection
EndGlobal
